
Microsoft Visual Studio Solution File, Format Version 12.00
# Visual Studio Version 17
VisualStudioVersion = 17.14.36414.22 d17.14
MinimumVisualStudioVersion = 10.0.40219.1
Project("{FAE04EC0-301F-11D3-BF4B-00C04F79EFBC}") = "ASP.NET_API_practice", "ASP.NET_API_practice\ASP.NET_API_practice.csproj", "{E31CDB4B-F6E1-46D3-BAD3-09C1AE2F570B}"
EndProject
Global
	GlobalSection(SolutionConfigurationPlatforms) = preSolution
		Debug|Any CPU = Debug|Any CPU
		Release|Any CPU = Release|Any CPU
	EndGlobalSection
	GlobalSection(ProjectConfigurationPlatforms) = postSolution
		{E31CDB4B-F6E1-46D3-BAD3-09C1AE2F570B}.Debug|Any CPU.ActiveCfg = Debug|Any CPU
		{E31CDB4B-F6E1-46D3-BAD3-09C1AE2F570B}.Debug|Any CPU.Build.0 = Debug|Any CPU
		{E31CDB4B-F6E1-46D3-BAD3-09C1AE2F570B}.Release|Any CPU.ActiveCfg = Release|Any CPU
		{E31CDB4B-F6E1-46D3-BAD3-09C1AE2F570B}.Release|Any CPU.Build.0 = Release|Any CPU
	EndGlobalSection
	GlobalSection(SolutionProperties) = preSolution
		HideSolutionNode = FALSE
	EndGlobalSection
	GlobalSection(ExtensibilityGlobals) = postSolution
		SolutionGuid = {9C38C07A-A30B-4152-8883-465EED5727B9}
	EndGlobalSection
EndGlobal
